
Microsoft Visual Studio Solution File, Format Version 12.00
# Visual Studio Version 16
VisualStudioVersion = 16.0.29418.71
MinimumVisualStudioVersion = 10.0.40219.1
Project("{2150E333-8FDC-42A3-9474-1A3956D46DE8}") = "Solution Items", "Solution Items", "{41024DC3-013A-4F4D-9C95-62D9BFA3D21E}"
	ProjectSection(SolutionItems) = preProject
		README.md = README.md
	EndProjectSection
EndProject
Project("{9A19103F-16F7-4668-BE54-9A1E7A4F7556}") = "RulesEngine", "RulesEngine\RulesEngine.csproj", "{D45E8F2E-F206-40B5-B15C-4D2D558969CF}"
EndProject
Project("{FAE04EC0-301F-11D3-BF4B-00C04F79EFBC}") = "EngineTests", "EngineTests\EngineTests.csproj", "{608454EB-29E7-4CE5-A829-F5B5B1A99FBB}"
EndProject
Global
	GlobalSection(SolutionConfigurationPlatforms) = preSolution
		Debug|Any CPU = Debug|Any CPU
		Release|Any CPU = Release|Any CPU
	EndGlobalSection
	GlobalSection(ProjectConfigurationPlatforms) = postSolution
		{D45E8F2E-F206-40B5-B15C-4D2D558969CF}.Debug|Any CPU.ActiveCfg = Debug|Any CPU
		{D45E8F2E-F206-40B5-B15C-4D2D558969CF}.Debug|Any CPU.Build.0 = Debug|Any CPU
		{D45E8F2E-F206-40B5-B15C-4D2D558969CF}.Release|Any CPU.ActiveCfg = Release|Any CPU
		{D45E8F2E-F206-40B5-B15C-4D2D558969CF}.Release|Any CPU.Build.0 = Release|Any CPU
		{608454EB-29E7-4CE5-A829-F5B5B1A99FBB}.Debug|Any CPU.ActiveCfg = Debug|Any CPU
		{608454EB-29E7-4CE5-A829-F5B5B1A99FBB}.Debug|Any CPU.Build.0 = Debug|Any CPU
		{608454EB-29E7-4CE5-A829-F5B5B1A99FBB}.Release|Any CPU.ActiveCfg = Release|Any CPU
		{608454EB-29E7-4CE5-A829-F5B5B1A99FBB}.Release|Any CPU.Build.0 = Release|Any CPU
	EndGlobalSection
	GlobalSection(SolutionProperties) = preSolution
		HideSolutionNode = FALSE
	EndGlobalSection
	GlobalSection(ExtensibilityGlobals) = postSolution
		SolutionGuid = {5671079C-E4FD-4953-9020-2F6DD442B523}
	EndGlobalSection
EndGlobal
